{
  "name": "miniprogram",
  "version": "1.0.0",
  "lockfileVersion": 1,
  "requires": true,
  "dependencies": {
    "@vant/weapp": {
      "version": "1.6.8",
      "resolved": "https://registry.npm.taobao.org/@vant/weapp/download/@vant/weapp-1.6.8.tgz",
      "integrity": "sha1-lIrhb7oHxaIFTFJ4PyKq9qBEU+E="
    }
  }
}
