# THIS IS AN AUTOGENERATED FILE. DO NOT EDIT THIS FILE DIRECTLY.
# yarn lockfile v1


"@vant/weapp@^1.6.8":
  version "1.9.2"
  resolved "https://registry.yarnpkg.com/@vant/weapp/-/weapp-1.9.2.tgz#406174c11d3f421dbbeff995a556ce1d30629908"
  integrity sha512-brz1JLiXZev4u6cQFyDrGX5xddOHKwKUDgfbUrpqMcpW+dliV4oXMtkDt0rRNfYcEHyfewbvW9O+aas6KJUJYw==
